// !$*UTF8*$!
{
	archiveVersion = 1;
	classes = {
	};
	objectVersion = 50;
	objects = {

/* Begin PBXBuildFile section */
		8F18BAF6209C1CCC00F12606 /* LogInViewController.swift in Sources */ = {isa = PBXBuildFile; fileRef = 8F18BAF5209C1CCC00F12606 /* LogInViewController.swift */; };
		8F18BAF8209C25FF00F12606 /* CustomTextField.swift in Sources */ = {isa = PBXBuildFile; fileRef = 8F18BAF7209C25FF00F12606 /* CustomTextField.swift */; };
		8F18BAFA209C2D4900F12606 /* SignUpViewController.swift in Sources */ = {isa = PBXBuildFile; fileRef = 8F18BAF9209C2D4900F12606 /* SignUpViewController.swift */; };
		8F18BAFC209C7B7C00F12606 /* CustomNavigationController.swift in Sources */ = {isa = PBXBuildFile; fileRef = 8F18BAFB209C7B7C00F12606 /* CustomNavigationController.swift */; };
		8F18BAFF209C80C100F12606 /* flavr_icons in Resources */ = {isa = PBXBuildFile; fileRef = 8F18BAFE209C80C000F12606 /* flavr_icons */; };
		8FDD0C5E209ACF700043DE15 /* CustomButton.swift in Sources */ = {isa = PBXBuildFile; fileRef = 8FDD0C5D209ACF700043DE15 /* CustomButton.swift */; };
		8FDD0C60209AD4AA0043DE15 /* CustomLabel.swift in Sources */ = {isa = PBXBuildFile; fileRef = 8FDD0C5F209AD4AA0043DE15 /* CustomLabel.swift */; };
		8FE71B742098921C008C45F2 /* AppDelegate.swift in Sources */ = {isa = PBXBuildFile; fileRef = 8FE71B732098921C008C45F2 /* AppDelegate.swift */; };
		8FE71B792098921C008C45F2 /* Main.storyboard in Resources */ = {isa = PBXBuildFile; fileRef = 8FE71B772098921C008C45F2 /* Main.storyboard */; };
		8FE71B7B2098921E008C45F2 /* Assets.xcassets in Resources */ = {isa = PBXBuildFile; fileRef = 8FE71B7A2098921E008C45F2 /* Assets.xcassets */; };
		8FE71B7E2098921E008C45F2 /* LaunchScreen.storyboard in Resources */ = {isa = PBXBuildFile; fileRef = 8FE71B7C2098921E008C45F2 /* LaunchScreen.storyboard */; };
		8FE71B8620989680008C45F2 /* Chameleon.framework in Frameworks */ = {isa = PBXBuildFile; fileRef = 8FE71B852098967F008C45F2 /* Chameleon.framework */; };
		8FE71B8720989680008C45F2 /* Chameleon.framework in Embed Frameworks */ = {isa = PBXBuildFile; fileRef = 8FE71B852098967F008C45F2 /* Chameleon.framework */; settings = {ATTRIBUTES = (CodeSignOnCopy, RemoveHeadersOnCopy, ); }; };
		8FE71B8B20989F67008C45F2 /* CustomColor.swift in Sources */ = {isa = PBXBuildFile; fileRef = 8FE71B8A20989F67008C45F2 /* CustomColor.swift */; };
		8FE71B8E2098A1FB008C45F2 /* LoginSignUpViewController.swift in Sources */ = {isa = PBXBuildFile; fileRef = 8FE71B8D2098A1FB008C45F2 /* LoginSignUpViewController.swift */; };
/* End PBXBuildFile section */

/* Begin PBXCopyFilesBuildPhase section */
		8FE71B8820989680008C45F2 /* Embed Frameworks */ = {
			isa = PBXCopyFilesBuildPhase;
			buildActionMask = 2147483647;
			dstPath = "";
			dstSubfolderSpec = 10;
			files = (
				8FE71B8720989680008C45F2 /* Chameleon.framework in Embed Frameworks */,
			);
			name = "Embed Frameworks";
			runOnlyForDeploymentPostprocessing = 0;
		};
/* End PBXCopyFilesBuildPhase section */

/* Begin PBXFileReference section */
		8F18BAF5209C1CCC00F12606 /* LogInViewController.swift */ = {isa = PBXFileReference; lastKnownFileType = sourcecode.swift; path = LogInViewController.swift; sourceTree = "<group>"; };
		8F18BAF7209C25FF00F12606 /* CustomTextField.swift */ = {isa = PBXFileReference; lastKnownFileType = sourcecode.swift; path = CustomTextField.swift; sourceTree = "<group>"; };
		8F18BAF9209C2D4900F12606 /* SignUpViewController.swift */ = {isa = PBXFileReference; lastKnownFileType = sourcecode.swift; path = SignUpViewController.swift; sourceTree = "<group>"; };
		8F18BAFB209C7B7C00F12606 /* CustomNavigationController.swift */ = {isa = PBXFileReference; lastKnownFileType = sourcecode.swift; path = CustomNavigationController.swift; sourceTree = "<group>"; };
		8F18BAFE209C80C000F12606 /* flavr_icons */ = {isa = PBXFileReference; lastKnownFileType = folder; path = flavr_icons; sourceTree = "<group>"; };
		8FDD0C5D209ACF700043DE15 /* CustomButton.swift */ = {isa = PBXFileReference; lastKnownFileType = sourcecode.swift; path = CustomButton.swift; sourceTree = "<group>"; };
		8FDD0C5F209AD4AA0043DE15 /* CustomLabel.swift */ = {isa = PBXFileReference; lastKnownFileType = sourcecode.swift; path = CustomLabel.swift; sourceTree = "<group>"; };
		8FE71B702098921C008C45F2 /* FLAVR-RECIPE.app */ = {isa = PBXFileReference; explicitFileType = wrapper.application; includeInIndex = 0; path = "FLAVR-RECIPE.app"; sourceTree = BUILT_PRODUCTS_DIR; };
		8FE71B732098921C008C45F2 /* AppDelegate.swift */ = {isa = PBXFileReference; lastKnownFileType = sourcecode.swift; path = AppDelegate.swift; sourceTree = "<group>"; };
		8FE71B782098921C008C45F2 /* Base */ = {isa = PBXFileReference; lastKnownFileType = file.storyboard; name = Base; path = Base.lproj/Main.storyboard; sourceTree = "<group>"; };
		8FE71B7A2098921E008C45F2 /* Assets.xcassets */ = {isa = PBXFileReference; lastKnownFileType = folder.assetcatalog; path = Assets.xcassets; sourceTree = "<group>"; };
		8FE71B7D2098921E008C45F2 /* Base */ = {isa = PBXFileReference; lastKnownFileType = file.storyboard; name = Base; path = Base.lproj/LaunchScreen.storyboard; sourceTree = "<group>"; };
		8FE71B7F2098921E008C45F2 /* Info.plist */ = {isa = PBXFileReference; lastKnownFileType = text.plist.xml; path = Info.plist; sourceTree = "<group>"; };
		8FE71B852098967F008C45F2 /* Chameleon.framework */ = {isa = PBXFileReference; lastKnownFileType = wrapper.framework; name = Chameleon.framework; path = Carthage/Build/iOS/Chameleon.framework; sourceTree = "<group>"; };
		8FE71B8A20989F67008C45F2 /* CustomColor.swift */ = {isa = PBXFileReference; lastKnownFileType = sourcecode.swift; path = CustomColor.swift; sourceTree = "<group>"; };
		8FE71B8D2098A1FB008C45F2 /* LoginSignUpViewController.swift */ = {isa = PBXFileReference; lastKnownFileType = sourcecode.swift; path = LoginSignUpViewController.swift; sourceTree = "<group>"; };
/* End PBXFileReference section */

/* Begin PBXFrameworksBuildPhase section */
		8FE71B6D2098921C008C45F2 /* Frameworks */ = {
			isa = PBXFrameworksBuildPhase;
			buildActionMask = 2147483647;
			files = (
				8FE71B8620989680008C45F2 /* Chameleon.framework in Frameworks */,
			);
			runOnlyForDeploymentPostprocessing = 0;
		};
/* End PBXFrameworksBuildPhase section */

/* Begin PBXGroup section */
		8F18BAFD209C803E00F12606 /* Icons */ = {
			isa = PBXGroup;
			children = (
				8F18BAFE209C80C000F12606 /* flavr_icons */,
			);
			path = Icons;
			sourceTree = "<group>";
		};
		8FE71B672098921C008C45F2 = {
			isa = PBXGroup;
			children = (
				8FE71B722098921C008C45F2 /* FLAVR-RECIPE */,
				8FE71B712098921C008C45F2 /* Products */,
				8FE71B852098967F008C45F2 /* Chameleon.framework */,
			);
			sourceTree = "<group>";
		};
		8FE71B712098921C008C45F2 /* Products */ = {
			isa = PBXGroup;
			children = (
				8FE71B702098921C008C45F2 /* FLAVR-RECIPE.app */,
			);
			name = Products;
			sourceTree = "<group>";
		};
		8FE71B722098921C008C45F2 /* FLAVR-RECIPE */ = {
			isa = PBXGroup;
			children = (
				8FE71B8C2098A1C9008C45F2 /* View Controller */,
				8FE71B8920989F47008C45F2 /* Custom */,
				8FE71B732098921C008C45F2 /* AppDelegate.swift */,
				8FE71B772098921C008C45F2 /* Main.storyboard */,
				8FE71B7A2098921E008C45F2 /* Assets.xcassets */,
				8FE71B7C2098921E008C45F2 /* LaunchScreen.storyboard */,
				8FE71B7F2098921E008C45F2 /* Info.plist */,
				8F18BAFD209C803E00F12606 /* Icons */,
			);
			path = "FLAVR-RECIPE";
			sourceTree = "<group>";
		};
		8FE71B8920989F47008C45F2 /* Custom */ = {
			isa = PBXGroup;
			children = (
				8FE71B8A20989F67008C45F2 /* CustomColor.swift */,
				8FDD0C5D209ACF700043DE15 /* CustomButton.swift */,
				8FDD0C5F209AD4AA0043DE15 /* CustomLabel.swift */,
				8F18BAF7209C25FF00F12606 /* CustomTextField.swift */,
				8F18BAFB209C7B7C00F12606 /* CustomNavigationController.swift */,
			);
			path = Custom;
			sourceTree = "<group>";
		};
		8FE71B8C2098A1C9008C45F2 /* View Controller */ = {
			isa = PBXGroup;
			children = (
				8FE71B8D2098A1FB008C45F2 /* LoginSignUpViewController.swift */,
				8F18BAF5209C1CCC00F12606 /* LogInViewController.swift */,
				8F18BAF9209C2D4900F12606 /* SignUpViewController.swift */,
			);
			path = "View Controller";
			sourceTree = "<group>";
		};
/* End PBXGroup section */

/* Begin PBXNativeTarget section */
		8FE71B6F2098921C008C45F2 /* FLAVR-RECIPE */ = {
			isa = PBXNativeTarget;
			buildConfigurationList = 8FE71B822098921E008C45F2 /* Build configuration list for PBXNativeTarget "FLAVR-RECIPE" */;
			buildPhases = (
				8FE71B6C2098921C008C45F2 /* Sources */,
				8FE71B6D2098921C008C45F2 /* Frameworks */,
				8FE71B6E2098921C008C45F2 /* Resources */,
				8FE71B8820989680008C45F2 /* Embed Frameworks */,
			);
			buildRules = (
			);
			dependencies = (
			);
			name = "FLAVR-RECIPE";
			productName = "FLAVR-RECIPE";
			productReference = 8FE71B702098921C008C45F2 /* FLAVR-RECIPE.app */;
			productType = "com.apple.product-type.application";
		};
/* End PBXNativeTarget section */

/* Begin PBXProject section */
		8FE71B682098921C008C45F2 /* Project object */ = {
			isa = PBXProject;
			attributes = {
				LastSwiftUpdateCheck = 0930;
				LastUpgradeCheck = 0930;
				ORGANIZATIONNAME = "chetan dhargalkar";
				TargetAttributes = {
					8FE71B6F2098921C008C45F2 = {
						CreatedOnToolsVersion = 9.3;
					};
				};
			};
			buildConfigurationList = 8FE71B6B2098921C008C45F2 /* Build configuration list for PBXProject "FLAVR-RECIPE" */;
			compatibilityVersion = "Xcode 9.3";
			developmentRegion = en;
			hasScannedForEncodings = 0;
			knownRegions = (
				en,
				Base,
			);
			mainGroup = 8FE71B672098921C008C45F2;
			productRefGroup = 8FE71B712098921C008C45F2 /* Products */;
			projectDirPath = "";
			projectRoot = "";
			targets = (
				8FE71B6F2098921C008C45F2 /* FLAVR-RECIPE */,
			);
		};
/* End PBXProject section */

/* Begin PBXResourcesBuildPhase section */
		8FE71B6E2098921C008C45F2 /* Resources */ = {
			isa = PBXResourcesBuildPhase;
			buildActionMask = 2147483647;
			files = (
				8FE71B7E2098921E008C45F2 /* LaunchScreen.storyboard in Resources */,
				8F18BAFF209C80C100F12606 /* flavr_icons in Resources */,
				8FE71B7B2098921E008C45F2 /* Assets.xcassets in Resources */,
				8FE71B792098921C008C45F2 /* Main.storyboard in Resources */,
			);
			runOnlyForDeploymentPostprocessing = 0;
		};
/* End PBXResourcesBuildPhase section */

/* Begin PBXSourcesBuildPhase section */
		8FE71B6C2098921C008C45F2 /* Sources */ = {
			isa = PBXSourcesBuildPhase;
			buildActionMask = 2147483647;
			files = (
				8F18BAF8209C25FF00F12606 /* CustomTextField.swift in Sources */,
				8FDD0C5E209ACF700043DE15 /* CustomButton.swift in Sources */,
				8F18BAFA209C2D4900F12606 /* SignUpViewController.swift in Sources */,
				8F18BAFC209C7B7C00F12606 /* CustomNavigationController.swift in Sources */,
				8FDD0C60209AD4AA0043DE15 /* CustomLabel.swift in Sources */,
				8F18BAF6209C1CCC00F12606 /* LogInViewController.swift in Sources */,
				8FE71B742098921C008C45F2 /* AppDelegate.swift in Sources */,
				8FE71B8E2098A1FB008C45F2 /* LoginSignUpViewController.swift in Sources */,
				8FE71B8B20989F67008C45F2 /* CustomColor.swift in Sources */,
			);
			runOnlyForDeploymentPostprocessing = 0;
		};
/* End PBXSourcesBuildPhase section */

/* Begin PBXVariantGroup section */
		8FE71B772098921C008C45F2 /* Main.storyboard */ = {
			isa = PBXVariantGroup;
			children = (
				8FE71B782098921C008C45F2 /* Base */,
			);
			name = Main.storyboard;
			sourceTree = "<group>";
		};
		8FE71B7C2098921E008C45F2 /* LaunchScreen.storyboard */ = {
			isa = PBXVariantGroup;
			children = (
				8FE71B7D2098921E008C45F2 /* Base */,
			);
			name = LaunchScreen.storyboard;
			sourceTree = "<group>";
		};
/* End PBXVariantGroup section */

/* Begin XCBuildConfiguration section */
		8FE71B802098921E008C45F2 /* Debug */ = {
			isa = XCBuildConfiguration;
			buildSettings = {
				ALWAYS_SEARCH_USER_PATHS = NO;
				CLANG_ANALYZER_NONNULL = YES;
				CLANG_ANALYZER_NUMBER_OBJECT_CONVERSION = YES_AGGRESSIVE;
				CLANG_CXX_LANGUAGE_STANDARD = "gnu++14";
				CLANG_CXX_LIBRARY = "libc++";
				CLANG_ENABLE_MODULES = YES;
				CLANG_ENABLE_OBJC_ARC = YES;
				CLANG_ENABLE_OBJC_WEAK = YES;
				CLANG_WARN_BLOCK_CAPTURE_AUTORELEASING = YES;
				CLANG_WARN_BOOL_CONVERSION = YES;
				CLANG_WARN_COMMA = YES;
				CLANG_WARN_CONSTANT_CONVERSION = YES;
				CLANG_WARN_DEPRECATED_OBJC_IMPLEMENTATIONS = YES;
				CLANG_WARN_DIRECT_OBJC_ISA_USAGE = YES_ERROR;
				CLANG_WARN_DOCUMENTATION_COMMENTS = YES;
				CLANG_WARN_EMPTY_BODY = YES;
				CLANG_WARN_ENUM_CONVERSION = YES;
				CLANG_WARN_INFINITE_RECURSION = YES;
				CLANG_WARN_INT_CONVERSION = YES;
				CLANG_WARN_NON_LITERAL_NULL_CONVERSION = YES;
				CLANG_WARN_OBJC_IMPLICIT_RETAIN_SELF = YES;
				CLANG_WARN_OBJC_LITERAL_CONVERSION = YES;
				CLANG_WARN_OBJC_ROOT_CLASS = YES_ERROR;
				CLANG_WARN_RANGE_LOOP_ANALYSIS = YES;
				CLANG_WARN_STRICT_PROTOTYPES = YES;
				CLANG_WARN_SUSPICIOUS_MOVE = YES;
				CLANG_WARN_UNGUARDED_AVAILABILITY = YES_AGGRESSIVE;
				CLANG_WARN_UNREACHABLE_CODE = YES;
				CLANG_WARN__DUPLICATE_METHOD_MATCH = YES;
				CODE_SIGN_IDENTITY = "iPhone Developer";
				COPY_PHASE_STRIP = NO;
				DEBUG_INFORMATION_FORMAT = dwarf;
				ENABLE_STRICT_OBJC_MSGSEND = YES;
				ENABLE_TESTABILITY = YES;
				GCC_C_LANGUAGE_STANDARD = gnu11;
				GCC_DYNAMIC_NO_PIC = NO;
				GCC_NO_COMMON_BLOCKS = YES;
				GCC_OPTIMIZATION_LEVEL = 0;
				GCC_PREPROCESSOR_DEFINITIONS = (
					"DEBUG=1",
					"$(inherited)",
				);
				GCC_WARN_64_TO_32_BIT_CONVERSION = YES;
				GCC_WARN_ABOUT_RETURN_TYPE = YES_ERROR;
				GCC_WARN_UNDECLARED_SELECTOR = YES;
				GCC_WARN_UNINITIALIZED_AUTOS = YES_AGGRESSIVE;
				GCC_WARN_UNUSED_FUNCTION = YES;
				GCC_WARN_UNUSED_VARIABLE = YES;
				IPHONEOS_DEPLOYMENT_TARGET = 11.3;
				MTL_ENABLE_DEBUG_INFO = YES;
				ONLY_ACTIVE_ARCH = YES;
				SDKROOT = iphoneos;
				SWIFT_ACTIVE_COMPILATION_CONDITIONS = DEBUG;
				SWIFT_OPTIMIZATION_LEVEL = "-Onone";
			};
			name = Debug;
		};
		8FE71B812098921E008C45F2 /* Release */ = {
			isa = XCBuildConfiguration;
			buildSettings = {
				ALWAYS_SEARCH_USER_PATHS = NO;
				CLANG_ANALYZER_NONNULL = YES;
				CLANG_ANALYZER_NUMBER_OBJECT_CONVERSION = YES_AGGRESSIVE;
				CLANG_CXX_LANGUAGE_STANDARD = "gnu++14";
				CLANG_CXX_LIBRARY = "libc++";
				CLANG_ENABLE_MODULES = YES;
				CLANG_ENABLE_OBJC_ARC = YES;
				CLANG_ENABLE_OBJC_WEAK = YES;
				CLANG_WARN_BLOCK_CAPTURE_AUTORELEASING = YES;
				CLANG_WARN_BOOL_CONVERSION = YES;
				CLANG_WARN_COMMA = YES;
				CLANG_WARN_CONSTANT_CONVERSION = YES;
				CLANG_WARN_DEPRECATED_OBJC_IMPLEMENTATIONS = YES;
				CLANG_WARN_DIRECT_OBJC_ISA_USAGE = YES_ERROR;
				CLANG_WARN_DOCUMENTATION_COMMENTS = YES;
				CLANG_WARN_EMPTY_BODY = YES;
				CLANG_WARN_ENUM_CONVERSION = YES;
				CLANG_WARN_INFINITE_RECURSION = YES;
				CLANG_WARN_INT_CONVERSION = YES;
				CLANG_WARN_NON_LITERAL_NULL_CONVERSION = YES;
				CLANG_WARN_OBJC_IMPLICIT_RETAIN_SELF = YES;
				CLANG_WARN_OBJC_LITERAL_CONVERSION = YES;
				CLANG_WARN_OBJC_ROOT_CLASS = YES_ERROR;
				CLANG_WARN_RANGE_LOOP_ANALYSIS = YES;
				CLANG_WARN_STRICT_PROTOTYPES = YES;
				CLANG_WARN_SUSPICIOUS_MOVE = YES;
				CLANG_WARN_UNGUARDED_AVAILABILITY = YES_AGGRESSIVE;
				CLANG_WARN_UNREACHABLE_CODE = YES;
				CLANG_WARN__DUPLICATE_METHOD_MATCH = YES;
				CODE_SIGN_IDENTITY = "iPhone Developer";
				COPY_PHASE_STRIP = NO;
				DEBUG_INFORMATION_FORMAT = "dwarf-with-dsym";
				ENABLE_NS_ASSERTIONS = NO;
				ENABLE_STRICT_OBJC_MSGSEND = YES;
				GCC_C_LANGUAGE_STANDARD = gnu11;
				GCC_NO_COMMON_BLOCKS = YES;
				GCC_WARN_64_TO_32_BIT_CONVERSION = YES;
				GCC_WARN_ABOUT_RETURN_TYPE = YES_ERROR;
				GCC_WARN_UNDECLARED_SELECTOR = YES;
				GCC_WARN_UNINITIALIZED_AUTOS = YES_AGGRESSIVE;
				GCC_WARN_UNUSED_FUNCTION = YES;
				GCC_WARN_UNUSED_VARIABLE = YES;
				IPHONEOS_DEPLOYMENT_TARGET = 11.3;
				MTL_ENABLE_DEBUG_INFO = NO;
				SDKROOT = iphoneos;
				SWIFT_COMPILATION_MODE = wholemodule;
				SWIFT_OPTIMIZATION_LEVEL = "-O";
				VALIDATE_PRODUCT = YES;
			};
			name = Release;
		};
		8FE71B832098921E008C45F2 /* Debug */ = {
			isa = XCBuildConfiguration;
			buildSettings = {
				ASSETCATALOG_COMPILER_APPICON_NAME = AppIcon;
				CODE_SIGN_STYLE = Automatic;
				DEVELOPMENT_TEAM = 695TA9VKYB;
				FRAMEWORK_SEARCH_PATHS = (
					"$(inherited)",
					"$(PROJECT_DIR)/Carthage/Build/iOS",
				);
				INFOPLIST_FILE = "FLAVR-RECIPE/Info.plist";
				LD_RUNPATH_SEARCH_PATHS = (
					"$(inherited)",
					"@executable_path/Frameworks",
				);
				PRODUCT_BUNDLE_IDENTIFIER = "code.FLAVR-RECIPE";
				PRODUCT_NAME = "$(TARGET_NAME)";
				SWIFT_VERSION = 4.0;
				TARGETED_DEVICE_FAMILY = "1,2";
			};
			name = Debug;
		};
		8FE71B842098921E008C45F2 /* Release */ = {
			isa = XCBuildConfiguration;
			buildSettings = {
				ASSETCATALOG_COMPILER_APPICON_NAME = AppIcon;
				CODE_SIGN_STYLE = Automatic;
				DEVELOPMENT_TEAM = 695TA9VKYB;
				FRAMEWORK_SEARCH_PATHS = (
					"$(inherited)",
					"$(PROJECT_DIR)/Carthage/Build/iOS",
				);
				INFOPLIST_FILE = "FLAVR-RECIPE/Info.plist";
				LD_RUNPATH_SEARCH_PATHS = (
					"$(inherited)",
					"@executable_path/Frameworks",
				);
				PRODUCT_BUNDLE_IDENTIFIER = "code.FLAVR-RECIPE";
				PRODUCT_NAME = "$(TARGET_NAME)";
				SWIFT_VERSION = 4.0;
				TARGETED_DEVICE_FAMILY = "1,2";
			};
			name = Release;
		};
/* End XCBuildConfiguration section */

/* Begin XCConfigurationList section */
		8FE71B6B2098921C008C45F2 /* Build configuration list for PBXProject "FLAVR-RECIPE" */ = {
			isa = XCConfigurationList;
			buildConfigurations = (
				8FE71B802098921E008C45F2 /* Debug */,
				8FE71B812098921E008C45F2 /* Release */,
			);
			defaultConfigurationIsVisible = 0;
			defaultConfigurationName = Release;
		};
		8FE71B822098921E008C45F2 /* Build configuration list for PBXNativeTarget "FLAVR-RECIPE" */ = {
			isa = XCConfigurationList;
			buildConfigurations = (
				8FE71B832098921E008C45F2 /* Debug */,
				8FE71B842098921E008C45F2 /* Release */,
			);
			defaultConfigurationIsVisible = 0;
			defaultConfigurationName = Release;
		};
/* End XCConfigurationList section */
	};
	rootObject = 8FE71B682098921C008C45F2 /* Project object */;
}
